
Microsoft Visual Studio Solution File, Format Version 12.00
# Visual Studio 15
VisualStudioVersion = 15.0.27703.2047
MinimumVisualStudioVersion = 10.0.40219.1
Project("{FAE04EC0-301F-11D3-BF4B-00C04F79EFBC}") = "FriendOrganizer.UI", "FriendOrganizer.UI\FriendOrganizer.UI.csproj", "{AFFDDEC1-526C-4035-A8D2-789460B56EF4}"
EndProject
Project("{FAE04EC0-301F-11D3-BF4B-00C04F79EFBC}") = "FriendOrganizer.DataAccess", "FriendOrganizer.DataAccess\FriendOrganizer.DataAccess.csproj", "{2B5C12AD-CCAE-4896-AA0C-B975AB527EF2}"
EndProject
Project("{FAE04EC0-301F-11D3-BF4B-00C04F79EFBC}") = "FriendOrganizer.Model", "FriendOrganizer.Model\FriendOrganizer.Model.csproj", "{CAFEAF94-CC7A-4470-A99D-73668FF0D758}"
EndProject
Project("{FAE04EC0-301F-11D3-BF4B-00C04F79EFBC}") = "FriendOrganizer.UITests", "FriendOrganizer.UITests\FriendOrganizer.UITests.csproj", "{E45AD02D-8EC5-485E-85DE-B4F5D11F0BF5}"
EndProject
Global
	GlobalSection(SolutionConfigurationPlatforms) = preSolution
		Debug|Any CPU = Debug|Any CPU
		Release|Any CPU = Release|Any CPU
	EndGlobalSection
	GlobalSection(ProjectConfigurationPlatforms) = postSolution
		{AFFDDEC1-526C-4035-A8D2-789460B56EF4}.Debug|Any CPU.ActiveCfg = Debug|Any CPU
		{AFFDDEC1-526C-4035-A8D2-789460B56EF4}.Debug|Any CPU.Build.0 = Debug|Any CPU
		{AFFDDEC1-526C-4035-A8D2-789460B56EF4}.Release|Any CPU.ActiveCfg = Release|Any CPU
		{AFFDDEC1-526C-4035-A8D2-789460B56EF4}.Release|Any CPU.Build.0 = Release|Any CPU
		{2B5C12AD-CCAE-4896-AA0C-B975AB527EF2}.Debug|Any CPU.ActiveCfg = Debug|Any CPU
		{2B5C12AD-CCAE-4896-AA0C-B975AB527EF2}.Debug|Any CPU.Build.0 = Debug|Any CPU
		{2B5C12AD-CCAE-4896-AA0C-B975AB527EF2}.Release|Any CPU.ActiveCfg = Release|Any CPU
		{2B5C12AD-CCAE-4896-AA0C-B975AB527EF2}.Release|Any CPU.Build.0 = Release|Any CPU
		{CAFEAF94-CC7A-4470-A99D-73668FF0D758}.Debug|Any CPU.ActiveCfg = Debug|Any CPU
		{CAFEAF94-CC7A-4470-A99D-73668FF0D758}.Debug|Any CPU.Build.0 = Debug|Any CPU
		{CAFEAF94-CC7A-4470-A99D-73668FF0D758}.Release|Any CPU.ActiveCfg = Release|Any CPU
		{CAFEAF94-CC7A-4470-A99D-73668FF0D758}.Release|Any CPU.Build.0 = Release|Any CPU
		{E45AD02D-8EC5-485E-85DE-B4F5D11F0BF5}.Debug|Any CPU.ActiveCfg = Debug|Any CPU
		{E45AD02D-8EC5-485E-85DE-B4F5D11F0BF5}.Debug|Any CPU.Build.0 = Debug|Any CPU
		{E45AD02D-8EC5-485E-85DE-B4F5D11F0BF5}.Release|Any CPU.ActiveCfg = Release|Any CPU
		{E45AD02D-8EC5-485E-85DE-B4F5D11F0BF5}.Release|Any CPU.Build.0 = Release|Any CPU
	EndGlobalSection
	GlobalSection(SolutionProperties) = preSolution
		HideSolutionNode = FALSE
	EndGlobalSection
	GlobalSection(ExtensibilityGlobals) = postSolution
		SolutionGuid = {A2E2CF76-DEEE-49A0-B01B-44C95BEC756B}
	EndGlobalSection
EndGlobal
